
Microsoft Visual Studio Solution File, Format Version 12.00
# Visual Studio Version 17
VisualStudioVersion = 17.4.33205.214
MinimumVisualStudioVersion = 10.0.40219.1
Project("{888888A0-9F3D-457C-B088-3A5042F75D52}") = "TööAndmebaasiga2", "TööAndmebaasiga2\TööAndmebaasiga2.pyproj", "{814C0842-4E83-4F6F-8F19-31D69A742943}"
EndProject
Global
	GlobalSection(SolutionConfigurationPlatforms) = preSolution
		Debug|Any CPU = Debug|Any CPU
		Release|Any CPU = Release|Any CPU
	EndGlobalSection
	GlobalSection(ProjectConfigurationPlatforms) = postSolution
		{814C0842-4E83-4F6F-8F19-31D69A742943}.Debug|Any CPU.ActiveCfg = Debug|Any CPU
		{814C0842-4E83-4F6F-8F19-31D69A742943}.Release|Any CPU.ActiveCfg = Release|Any CPU
	EndGlobalSection
	GlobalSection(SolutionProperties) = preSolution
		HideSolutionNode = FALSE
	EndGlobalSection
	GlobalSection(ExtensibilityGlobals) = postSolution
		SolutionGuid = {5822D9AA-64B3-41D0-A606-02F820C4112C}
	EndGlobalSection
EndGlobal
